// !$*UTF8*$!
{
	archiveVersion = 1;
	classes = {
	};
	objectVersion = 46;
	objects = {

/* Begin PBXBuildFile section */
		07A90F2E492B056A84EB571A /* KeyboardShortcutTests.swift in Sources */ = {isa = PBXBuildFile; fileRef = AD1A9796358218558990A250 /* KeyboardShortcutTests.swift */; };
		1304AA50EB7D8886A5E49F74 /* LaunchAtLoginControllerTests.swift in Sources */ = {isa = PBXBuildFile; fileRef = 52E75E79F488BE5024D488EC /* LaunchAtLoginControllerTests.swift */; };
		1E62E497B875255299CC32DD /* Assets.xcassets in Resources */ = {isa = PBXBuildFile; fileRef = D5062B43C9537AF7BED77D77 /* Assets.xcassets */; };
		24E2AFCC6278C2A02440D6F8 /* GlobalHotKeyManager.swift in Sources */ = {isa = PBXBuildFile; fileRef = 8ED2104571C158E5CCBDCDE8 /* GlobalHotKeyManager.swift */; };
		2C7AA11A3480C772B8F456EF /* ShortcutSettingsWindowController.swift in Sources */ = {isa = PBXBuildFile; fileRef = 7EEE10A7D17A4E78208122C6 /* ShortcutSettingsWindowController.swift */; };
		2DE4FA630CDC26B975A21036 /* HUDPreferencesStoreTests.swift in Sources */ = {isa = PBXBuildFile; fileRef = E075EA727519FFE85D234A81 /* HUDPreferencesStoreTests.swift */; };
		300D6DD76C9766DC32AF409E /* ActionHintEngine.swift in Sources */ = {isa = PBXBuildFile; fileRef = B0561883582148E7889DC5BD /* ActionHintEngine.swift */; };
		327DB5E5C0252F7D77E747B6 /* ProcessUsageRankerTests.swift in Sources */ = {isa = PBXBuildFile; fileRef = B2659444C3BF3700CB389298 /* ProcessUsageRankerTests.swift */; };
		38965F27EEA47D619CF5B089 /* ShortcutPreferencesStore.swift in Sources */ = {isa = PBXBuildFile; fileRef = B4B426937E3E50E8C5476B6E /* ShortcutPreferencesStore.swift */; };
		3EDB25787DCE94DE2CE9238A /* ActionHint.swift in Sources */ = {isa = PBXBuildFile; fileRef = 906CBEC4AA7AE5CD1BFB9205 /* ActionHint.swift */; };
		3F01C9021FD7EFB17604F42B /* SystemSnapshot.swift in Sources */ = {isa = PBXBuildFile; fileRef = 34E62C1B0BE44F23DF5B6174 /* SystemSnapshot.swift */; };
		44A1A2233D6FE99A0F631E50 /* AppDelegate.swift in Sources */ = {isa = PBXBuildFile; fileRef = 23C3B29871D3D5EB2C14FF04 /* AppDelegate.swift */; };
		4A6F4905E7BB77EECB67326D /* SnapshotHistoryStoreTests.swift in Sources */ = {isa = PBXBuildFile; fileRef = 728775938EDE7778DFD5A8FD /* SnapshotHistoryStoreTests.swift */; };
		4B65D7102263F1E1C7439086 /* SystemMonitors.swift in Sources */ = {isa = PBXBuildFile; fileRef = FC8BCDB3DA68549B221C16F1 /* SystemMonitors.swift */; };
		530CC1502122199DA64D1CA1 /* SystemMonitorService.swift in Sources */ = {isa = PBXBuildFile; fileRef = 0FDE37649C52B732CA735A9A /* SystemMonitorService.swift */; };
		53DE49A260553528D52F8444 /* Cocoa.framework in Frameworks */ = {isa = PBXBuildFile; fileRef = C442AF147FB6EC67E9953AE0 /* Cocoa.framework */; };
		56FEA3DDB9ED12A5BBEEF246 /* AppCoordinator.swift in Sources */ = {isa = PBXBuildFile; fileRef = A2D06A3EB1228C0DC987779B /* AppCoordinator.swift */; };
		6A6D44C53C26DF799A91A06A /* MenuBarController.swift in Sources */ = {isa = PBXBuildFile; fileRef = 1782321647F910654449D279 /* MenuBarController.swift */; };
		6FE3F79B08DE88EB10B149BD /* HUDPreferences.swift in Sources */ = {isa = PBXBuildFile; fileRef = 5A685B12117B4ED69613423E /* HUDPreferences.swift */; };
		762C75DF01311A143E0F9DDA /* HUDLayoutResolverTests.swift in Sources */ = {isa = PBXBuildFile; fileRef = 420B8613F548113EFCE0220A /* HUDLayoutResolverTests.swift */; };
		86514299B7F74C630ECE2B79 /* KeyboardShortcut.swift in Sources */ = {isa = PBXBuildFile; fileRef = 29C978E55285A00DFAC2614D /* KeyboardShortcut.swift */; };
		8B040F6FA3953E27825DDA64 /* ProcessUsage.swift in Sources */ = {isa = PBXBuildFile; fileRef = 34EDFC1F50946ADC8E5F186C /* ProcessUsage.swift */; };
		936BE5A534408593EB3924E8 /* SettingsOpenAction.swift in Sources */ = {isa = PBXBuildFile; fileRef = 796C15238250DB3AB3C4DC3D /* SettingsOpenAction.swift */; };
		AD697B093A84270B26B5BBA6 /* ProcessInsightsMonitor.swift in Sources */ = {isa = PBXBuildFile; fileRef = E4DFF40EAE345EF78D223D5F /* ProcessInsightsMonitor.swift */; };
		B3D95AFC355E092919D7E148 /* HUDPanelController.swift in Sources */ = {isa = PBXBuildFile; fileRef = A1C385ADA21C66B9EC4BCA7C /* HUDPanelController.swift */; };
		B44B2867951A0868560DFAD5 /* gtopCore.framework in Embed Frameworks */ = {isa = PBXBuildFile; fileRef = E74427D1EBEBC1AB0E262491 /* gtopCore.framework */; };
		B53B463AC8AECD08C6EA433A /* LaunchAtLoginController.swift in Sources */ = {isa = PBXBuildFile; fileRef = 2371B6BC62052688055C09DB /* LaunchAtLoginController.swift */; };
		BE06AF94A34D142F11D38304 /* SnapshotHistoryStore.swift in Sources */ = {isa = PBXBuildFile; fileRef = BC8577D2ADCF0DC90E7E8550 /* SnapshotHistoryStore.swift */; };
		C1552DD39305C6D260880966 /* gtopCore.framework in Frameworks */ = {isa = PBXBuildFile; fileRef = E74427D1EBEBC1AB0E262491 /* gtopCore.framework */; };
		C56298B955CC409AC2E2416D /* gtopApp.swift in Sources */ = {isa = PBXBuildFile; fileRef = 828B2914DD640DC128F5D00B /* gtopApp.swift */; };
		C576C8F6565878FB8EC74553 /* HUDView.swift in Sources */ = {isa = PBXBuildFile; fileRef = 534FB259A8D4B9965D1EA91B /* HUDView.swift */; };
		C7A30D26932DD17489A128F9 /* Formatters.swift in Sources */ = {isa = PBXBuildFile; fileRef = 5ED1ABF280ABAA4DBE0E01A2 /* Formatters.swift */; };
		C9D1B3AE53CF575BE18CFE0F /* ActionHintEngineTests.swift in Sources */ = {isa = PBXBuildFile; fileRef = A8CF06E7ABC8C251A40DC26A /* ActionHintEngineTests.swift */; };
		D0335408D4E72740FEA15B16 /* Cocoa.framework in Frameworks */ = {isa = PBXBuildFile; fileRef = C442AF147FB6EC67E9953AE0 /* Cocoa.framework */; };
		D36056A40BD90B228DACE8A9 /* Cocoa.framework in Frameworks */ = {isa = PBXBuildFile; fileRef = C442AF147FB6EC67E9953AE0 /* Cocoa.framework */; };
		DBC470D268FBF3620F7065DE /* HUDLayoutResolver.swift in Sources */ = {isa = PBXBuildFile; fileRef = B422A54822CD1631C4746F4F /* HUDLayoutResolver.swift */; };
		E211AB71983B437A423C35C7 /* gtopCore.framework in Frameworks */ = {isa = PBXBuildFile; fileRef = E74427D1EBEBC1AB0E262491 /* gtopCore.framework */; };
/* End PBXBuildFile section */

/* Begin PBXContainerItemProxy section */
		1D7257D16E098D5143DAAEBA /* PBXContainerItemProxy */ = {
			isa = PBXContainerItemProxy;
			containerPortal = E6D1EDA282BEF75EDFAFE9AA /* Project object */;
			proxyType = 1;
			remoteGlobalIDString = 5EA1A81C2C5045028428F02F;
			remoteInfo = gtop;
		};
		D52F2216A5FEE1F5FD4A98B6 /* PBXContainerItemProxy */ = {
			isa = PBXContainerItemProxy;
			containerPortal = E6D1EDA282BEF75EDFAFE9AA /* Project object */;
			proxyType = 1;
			remoteGlobalIDString = 72C1B35C6F9AA5FD7CFACE38;
			remoteInfo = gtopCore;
		};
		FD322A75A5DB09DC65621298 /* PBXContainerItemProxy */ = {
			isa = PBXContainerItemProxy;
			containerPortal = E6D1EDA282BEF75EDFAFE9AA /* Project object */;
			proxyType = 1;
			remoteGlobalIDString = 72C1B35C6F9AA5FD7CFACE38;
			remoteInfo = gtopCore;
		};
/* End PBXContainerItemProxy section */

/* Begin PBXCopyFilesBuildPhase section */
		703786AB29048B4296080A3E /* Embed Frameworks */ = {
			isa = PBXCopyFilesBuildPhase;
			buildActionMask = 2147483647;
			dstPath = "";
			dstSubfolderSpec = 10;
			files = (
				B44B2867951A0868560DFAD5 /* gtopCore.framework in Embed Frameworks */,
			);
			name = "Embed Frameworks";
			runOnlyForDeploymentPostprocessing = 0;
		};
/* End PBXCopyFilesBuildPhase section */

/* Begin PBXFileReference section */
		0FDE37649C52B732CA735A9A /* SystemMonitorService.swift */ = {isa = PBXFileReference; includeInIndex = 1; lastKnownFileType = sourcecode.swift; name = SystemMonitorService.swift; path = gtop/Monitoring/SystemMonitorService.swift; sourceTree = "<group>"; };
		1782321647F910654449D279 /* MenuBarController.swift */ = {isa = PBXFileReference; includeInIndex = 1; lastKnownFileType = sourcecode.swift; name = MenuBarController.swift; path = gtop/MenuBar/MenuBarController.swift; sourceTree = "<group>"; };
		2371B6BC62052688055C09DB /* LaunchAtLoginController.swift */ = {isa = PBXFileReference; includeInIndex = 1; lastKnownFileType = sourcecode.swift; name = LaunchAtLoginController.swift; path = gtop/SharedModels/LaunchAtLoginController.swift; sourceTree = "<group>"; };
		23C3B29871D3D5EB2C14FF04 /* AppDelegate.swift */ = {isa = PBXFileReference; includeInIndex = 1; lastKnownFileType = sourcecode.swift; name = AppDelegate.swift; path = gtop/App/AppDelegate.swift; sourceTree = "<group>"; };
		29C978E55285A00DFAC2614D /* KeyboardShortcut.swift */ = {isa = PBXFileReference; includeInIndex = 1; lastKnownFileType = sourcecode.swift; name = KeyboardShortcut.swift; path = gtop/SharedModels/KeyboardShortcut.swift; sourceTree = "<group>"; };
		34E62C1B0BE44F23DF5B6174 /* SystemSnapshot.swift */ = {isa = PBXFileReference; includeInIndex = 1; lastKnownFileType = sourcecode.swift; name = SystemSnapshot.swift; path = gtop/SharedModels/SystemSnapshot.swift; sourceTree = "<group>"; };
		34EDFC1F50946ADC8E5F186C /* ProcessUsage.swift */ = {isa = PBXFileReference; includeInIndex = 1; lastKnownFileType = sourcecode.swift; name = ProcessUsage.swift; path = gtop/SharedModels/ProcessUsage.swift; sourceTree = "<group>"; };
		420B8613F548113EFCE0220A /* HUDLayoutResolverTests.swift */ = {isa = PBXFileReference; includeInIndex = 1; lastKnownFileType = sourcecode.swift; name = HUDLayoutResolverTests.swift; path = gtopTests/HUDLayoutResolverTests.swift; sourceTree = "<group>"; };
		52E75E79F488BE5024D488EC /* LaunchAtLoginControllerTests.swift */ = {isa = PBXFileReference; includeInIndex = 1; lastKnownFileType = sourcecode.swift; name = LaunchAtLoginControllerTests.swift; path = gtopTests/LaunchAtLoginControllerTests.swift; sourceTree = "<group>"; };
		534FB259A8D4B9965D1EA91B /* HUDView.swift */ = {isa = PBXFileReference; includeInIndex = 1; lastKnownFileType = sourcecode.swift; name = HUDView.swift; path = gtop/HUD/HUDView.swift; sourceTree = "<group>"; };
		5A685B12117B4ED69613423E /* HUDPreferences.swift */ = {isa = PBXFileReference; includeInIndex = 1; lastKnownFileType = sourcecode.swift; name = HUDPreferences.swift; path = gtop/SharedModels/HUDPreferences.swift; sourceTree = "<group>"; };
		5ED1ABF280ABAA4DBE0E01A2 /* Formatters.swift */ = {isa = PBXFileReference; includeInIndex = 1; lastKnownFileType = sourcecode.swift; name = Formatters.swift; path = gtop/SharedModels/Formatters.swift; sourceTree = "<group>"; };
		728775938EDE7778DFD5A8FD /* SnapshotHistoryStoreTests.swift */ = {isa = PBXFileReference; includeInIndex = 1; lastKnownFileType = sourcecode.swift; name = SnapshotHistoryStoreTests.swift; path = gtopTests/SnapshotHistoryStoreTests.swift; sourceTree = "<group>"; };
		796C15238250DB3AB3C4DC3D /* SettingsOpenAction.swift */ = {isa = PBXFileReference; includeInIndex = 1; lastKnownFileType = sourcecode.swift; name = SettingsOpenAction.swift; path = gtop/App/SettingsOpenAction.swift; sourceTree = "<group>"; };
		7EEE10A7D17A4E78208122C6 /* ShortcutSettingsWindowController.swift */ = {isa = PBXFileReference; includeInIndex = 1; lastKnownFileType = sourcecode.swift; name = ShortcutSettingsWindowController.swift; path = gtop/App/ShortcutSettingsWindowController.swift; sourceTree = "<group>"; };
		828B2914DD640DC128F5D00B /* gtopApp.swift */ = {isa = PBXFileReference; includeInIndex = 1; lastKnownFileType = sourcecode.swift; name = gtopApp.swift; path = gtop/App/gtopApp.swift; sourceTree = "<group>"; };
		8ED2104571C158E5CCBDCDE8 /* GlobalHotKeyManager.swift */ = {isa = PBXFileReference; includeInIndex = 1; lastKnownFileType = sourcecode.swift; name = GlobalHotKeyManager.swift; path = gtop/App/GlobalHotKeyManager.swift; sourceTree = "<group>"; };
		906CBEC4AA7AE5CD1BFB9205 /* ActionHint.swift */ = {isa = PBXFileReference; includeInIndex = 1; lastKnownFileType = sourcecode.swift; name = ActionHint.swift; path = gtop/SharedModels/ActionHint.swift; sourceTree = "<group>"; };
		A1C385ADA21C66B9EC4BCA7C /* HUDPanelController.swift */ = {isa = PBXFileReference; includeInIndex = 1; lastKnownFileType = sourcecode.swift; name = HUDPanelController.swift; path = gtop/HUD/HUDPanelController.swift; sourceTree = "<group>"; };
		A2D06A3EB1228C0DC987779B /* AppCoordinator.swift */ = {isa = PBXFileReference; includeInIndex = 1; lastKnownFileType = sourcecode.swift; name = AppCoordinator.swift; path = gtop/App/AppCoordinator.swift; sourceTree = "<group>"; };
		A8CF06E7ABC8C251A40DC26A /* ActionHintEngineTests.swift */ = {isa = PBXFileReference; includeInIndex = 1; lastKnownFileType = sourcecode.swift; name = ActionHintEngineTests.swift; path = gtopTests/ActionHintEngineTests.swift; sourceTree = "<group>"; };
		AD1A9796358218558990A250 /* KeyboardShortcutTests.swift */ = {isa = PBXFileReference; includeInIndex = 1; lastKnownFileType = sourcecode.swift; name = KeyboardShortcutTests.swift; path = gtopTests/KeyboardShortcutTests.swift; sourceTree = "<group>"; };
		B0561883582148E7889DC5BD /* ActionHintEngine.swift */ = {isa = PBXFileReference; includeInIndex = 1; lastKnownFileType = sourcecode.swift; name = ActionHintEngine.swift; path = gtop/Monitoring/ActionHintEngine.swift; sourceTree = "<group>"; };
		B2659444C3BF3700CB389298 /* ProcessUsageRankerTests.swift */ = {isa = PBXFileReference; includeInIndex = 1; lastKnownFileType = sourcecode.swift; name = ProcessUsageRankerTests.swift; path = gtopTests/ProcessUsageRankerTests.swift; sourceTree = "<group>"; };
		B3C6A57266D67BAB1B583122 /* gtopTests.xctest */ = {isa = PBXFileReference; explicitFileType = wrapper.cfbundle; includeInIndex = 0; path = gtopTests.xctest; sourceTree = BUILT_PRODUCTS_DIR; };
		B422A54822CD1631C4746F4F /* HUDLayoutResolver.swift */ = {isa = PBXFileReference; includeInIndex = 1; lastKnownFileType = sourcecode.swift; name = HUDLayoutResolver.swift; path = gtop/SharedModels/HUDLayoutResolver.swift; sourceTree = "<group>"; };
		B4B426937E3E50E8C5476B6E /* ShortcutPreferencesStore.swift */ = {isa = PBXFileReference; includeInIndex = 1; lastKnownFileType = sourcecode.swift; name = ShortcutPreferencesStore.swift; path = gtop/App/ShortcutPreferencesStore.swift; sourceTree = "<group>"; };
		BC8577D2ADCF0DC90E7E8550 /* SnapshotHistoryStore.swift */ = {isa = PBXFileReference; includeInIndex = 1; lastKnownFileType = sourcecode.swift; name = SnapshotHistoryStore.swift; path = gtop/SharedModels/SnapshotHistoryStore.swift; sourceTree = "<group>"; };
		C442AF147FB6EC67E9953AE0 /* Cocoa.framework */ = {isa = PBXFileReference; lastKnownFileType = wrapper.framework; name = Cocoa.framework; path = Platforms/MacOSX.platform/Developer/SDKs/MacOSX15.0.sdk/System/Library/Frameworks/Cocoa.framework; sourceTree = DEVELOPER_DIR; };
		D5062B43C9537AF7BED77D77 /* Assets.xcassets */ = {isa = PBXFileReference; includeInIndex = 1; lastKnownFileType = folder.assetcatalog; name = Assets.xcassets; path = gtop/Assets.xcassets; sourceTree = "<group>"; };
		E075EA727519FFE85D234A81 /* HUDPreferencesStoreTests.swift */ = {isa = PBXFileReference; includeInIndex = 1; lastKnownFileType = sourcecode.swift; name = HUDPreferencesStoreTests.swift; path = gtopTests/HUDPreferencesStoreTests.swift; sourceTree = "<group>"; };
		E4DFF40EAE345EF78D223D5F /* ProcessInsightsMonitor.swift */ = {isa = PBXFileReference; includeInIndex = 1; lastKnownFileType = sourcecode.swift; name = ProcessInsightsMonitor.swift; path = gtop/Monitoring/ProcessInsightsMonitor.swift; sourceTree = "<group>"; };
		E74427D1EBEBC1AB0E262491 /* gtopCore.framework */ = {isa = PBXFileReference; explicitFileType = wrapper.framework; includeInIndex = 0; path = gtopCore.framework; sourceTree = BUILT_PRODUCTS_DIR; };
		FC8BCDB3DA68549B221C16F1 /* SystemMonitors.swift */ = {isa = PBXFileReference; includeInIndex = 1; lastKnownFileType = sourcecode.swift; name = SystemMonitors.swift; path = gtop/Monitoring/SystemMonitors.swift; sourceTree = "<group>"; };
		FFC1694DCA4BF6FF079DDCEC /* gtop.app */ = {isa = PBXFileReference; explicitFileType = wrapper.application; includeInIndex = 0; path = gtop.app; sourceTree = BUILT_PRODUCTS_DIR; };
/* End PBXFileReference section */

/* Begin PBXFrameworksBuildPhase section */
		1D6426EA00D6040E49503BEE /* Frameworks */ = {
			isa = PBXFrameworksBuildPhase;
			buildActionMask = 2147483647;
			files = (
				D0335408D4E72740FEA15B16 /* Cocoa.framework in Frameworks */,
				E211AB71983B437A423C35C7 /* gtopCore.framework in Frameworks */,
			);
			runOnlyForDeploymentPostprocessing = 0;
		};
		4205859EECFC33AF1037530E /* Frameworks */ = {
			isa = PBXFrameworksBuildPhase;
			buildActionMask = 2147483647;
			files = (
				D36056A40BD90B228DACE8A9 /* Cocoa.framework in Frameworks */,
				C1552DD39305C6D260880966 /* gtopCore.framework in Frameworks */,
			);
			runOnlyForDeploymentPostprocessing = 0;
		};
		C68ACC0BE845858407EC3118 /* Frameworks */ = {
			isa = PBXFrameworksBuildPhase;
			buildActionMask = 2147483647;
			files = (
				53DE49A260553528D52F8444 /* Cocoa.framework in Frameworks */,
			);
			runOnlyForDeploymentPostprocessing = 0;
		};
/* End PBXFrameworksBuildPhase section */

/* Begin PBXGroup section */
		063CA16E3EF95E893A5FAF6D /* gtop */ = {
			isa = PBXGroup;
			children = (
				A2D06A3EB1228C0DC987779B /* AppCoordinator.swift */,
				23C3B29871D3D5EB2C14FF04 /* AppDelegate.swift */,
				8ED2104571C158E5CCBDCDE8 /* GlobalHotKeyManager.swift */,
				796C15238250DB3AB3C4DC3D /* SettingsOpenAction.swift */,
				B4B426937E3E50E8C5476B6E /* ShortcutPreferencesStore.swift */,
				7EEE10A7D17A4E78208122C6 /* ShortcutSettingsWindowController.swift */,
				828B2914DD640DC128F5D00B /* gtopApp.swift */,
				A1C385ADA21C66B9EC4BCA7C /* HUDPanelController.swift */,
				534FB259A8D4B9965D1EA91B /* HUDView.swift */,
				1782321647F910654449D279 /* MenuBarController.swift */,
				B0561883582148E7889DC5BD /* ActionHintEngine.swift */,
				E4DFF40EAE345EF78D223D5F /* ProcessInsightsMonitor.swift */,
				0FDE37649C52B732CA735A9A /* SystemMonitorService.swift */,
				FC8BCDB3DA68549B221C16F1 /* SystemMonitors.swift */,
				906CBEC4AA7AE5CD1BFB9205 /* ActionHint.swift */,
				5ED1ABF280ABAA4DBE0E01A2 /* Formatters.swift */,
				B422A54822CD1631C4746F4F /* HUDLayoutResolver.swift */,
				5A685B12117B4ED69613423E /* HUDPreferences.swift */,
				29C978E55285A00DFAC2614D /* KeyboardShortcut.swift */,
				2371B6BC62052688055C09DB /* LaunchAtLoginController.swift */,
				34EDFC1F50946ADC8E5F186C /* ProcessUsage.swift */,
				BC8577D2ADCF0DC90E7E8550 /* SnapshotHistoryStore.swift */,
				34E62C1B0BE44F23DF5B6174 /* SystemSnapshot.swift */,
				D5062B43C9537AF7BED77D77 /* Assets.xcassets */,
			);
			name = gtop;
			sourceTree = "<group>";
		};
		808C005904553B6AFFAAD79A /* Frameworks */ = {
			isa = PBXGroup;
			children = (
				C153C00466FBF4579BB4A166 /* OS X */,
			);
			name = Frameworks;
			sourceTree = "<group>";
		};
		A67D53FEF261CC256F8466E7 /* gtopTests */ = {
			isa = PBXGroup;
			children = (
				A8CF06E7ABC8C251A40DC26A /* ActionHintEngineTests.swift */,
				420B8613F548113EFCE0220A /* HUDLayoutResolverTests.swift */,
				E075EA727519FFE85D234A81 /* HUDPreferencesStoreTests.swift */,
				AD1A9796358218558990A250 /* KeyboardShortcutTests.swift */,
				52E75E79F488BE5024D488EC /* LaunchAtLoginControllerTests.swift */,
				B2659444C3BF3700CB389298 /* ProcessUsageRankerTests.swift */,
				728775938EDE7778DFD5A8FD /* SnapshotHistoryStoreTests.swift */,
			);
			name = gtopTests;
			sourceTree = "<group>";
		};
		C153C00466FBF4579BB4A166 /* OS X */ = {
			isa = PBXGroup;
			children = (
				C442AF147FB6EC67E9953AE0 /* Cocoa.framework */,
			);
			name = "OS X";
			sourceTree = "<group>";
		};
		C5AD1028D4D883A917490A6D = {
			isa = PBXGroup;
			children = (
				F6A08F7E4854B5BA7F1CD2C4 /* Products */,
				808C005904553B6AFFAAD79A /* Frameworks */,
				063CA16E3EF95E893A5FAF6D /* gtop */,
				A67D53FEF261CC256F8466E7 /* gtopTests */,
			);
			sourceTree = "<group>";
		};
		F6A08F7E4854B5BA7F1CD2C4 /* Products */ = {
			isa = PBXGroup;
			children = (
				FFC1694DCA4BF6FF079DDCEC /* gtop.app */,
				E74427D1EBEBC1AB0E262491 /* gtopCore.framework */,
				B3C6A57266D67BAB1B583122 /* gtopTests.xctest */,
			);
			name = Products;
			sourceTree = "<group>";
		};
/* End PBXGroup section */

/* Begin PBXHeadersBuildPhase section */
		670497BA24863231FB22A0B9 /* Headers */ = {
			isa = PBXHeadersBuildPhase;
			buildActionMask = 2147483647;
			files = (
			);
			runOnlyForDeploymentPostprocessing = 0;
		};
/* End PBXHeadersBuildPhase section */

/* Begin PBXNativeTarget section */
		35C6EF8F89050B8669898B64 /* gtopTests */ = {
			isa = PBXNativeTarget;
			buildConfigurationList = 616E1A47670D45E56056025E /* Build configuration list for PBXNativeTarget "gtopTests" */;
			buildPhases = (
				15BE9C0502CB000B3A3076F2 /* Sources */,
				4205859EECFC33AF1037530E /* Frameworks */,
				B45F36B8D1607FF0EBC85571 /* Resources */,
			);
			buildRules = (
			);
			dependencies = (
				E8C968F5EDB6D698DEF5F6BA /* PBXTargetDependency */,
				4100C173E8CD0695BDB9A710 /* PBXTargetDependency */,
			);
			name = gtopTests;
			productName = gtopTests;
			productReference = B3C6A57266D67BAB1B583122 /* gtopTests.xctest */;
			productType = "com.apple.product-type.bundle.unit-test";
		};
		5EA1A81C2C5045028428F02F /* gtop */ = {
			isa = PBXNativeTarget;
			buildConfigurationList = 26B991F80407997A93D2BD35 /* Build configuration list for PBXNativeTarget "gtop" */;
			buildPhases = (
				4312B4C1CB805966C159C51B /* Sources */,
				1D6426EA00D6040E49503BEE /* Frameworks */,
				79A144E11A5228F5D7BF7120 /* Resources */,
				703786AB29048B4296080A3E /* Embed Frameworks */,
			);
			buildRules = (
			);
			dependencies = (
				AEA415935ED0F3AA8652AFB5 /* PBXTargetDependency */,
			);
			name = gtop;
			productName = gtop;
			productReference = FFC1694DCA4BF6FF079DDCEC /* gtop.app */;
			productType = "com.apple.product-type.application";
		};
		72C1B35C6F9AA5FD7CFACE38 /* gtopCore */ = {
			isa = PBXNativeTarget;
			buildConfigurationList = 12DC2662AD3BADDB29B306A9 /* Build configuration list for PBXNativeTarget "gtopCore" */;
			buildPhases = (
				670497BA24863231FB22A0B9 /* Headers */,
				846DAA00A10BDA73D0CEB3B6 /* Sources */,
				C68ACC0BE845858407EC3118 /* Frameworks */,
				3B223406EF3A67BC90B708C3 /* Resources */,
			);
			buildRules = (
			);
			dependencies = (
			);
			name = gtopCore;
			productName = gtopCore;
			productReference = E74427D1EBEBC1AB0E262491 /* gtopCore.framework */;
			productType = "com.apple.product-type.framework";
		};
/* End PBXNativeTarget section */

/* Begin PBXProject section */
		E6D1EDA282BEF75EDFAFE9AA /* Project object */ = {
			isa = PBXProject;
			attributes = {
				LastSwiftUpdateCheck = 2600;
				LastUpgradeCheck = 2600;
			};
			buildConfigurationList = F1D3934A217A1484F8FDCB0F /* Build configuration list for PBXProject "gtop" */;
			compatibilityVersion = "Xcode 3.2";
			developmentRegion = en;
			hasScannedForEncodings = 0;
			knownRegions = (
				en,
				Base,
			);
			mainGroup = C5AD1028D4D883A917490A6D;
			minimizedProjectReferenceProxies = 0;
			preferredProjectObjectVersion = 77;
			productRefGroup = F6A08F7E4854B5BA7F1CD2C4 /* Products */;
			projectDirPath = "";
			projectRoot = "";
			targets = (
				5EA1A81C2C5045028428F02F /* gtop */,
				72C1B35C6F9AA5FD7CFACE38 /* gtopCore */,
				35C6EF8F89050B8669898B64 /* gtopTests */,
			);
		};
/* End PBXProject section */

/* Begin PBXResourcesBuildPhase section */
		3B223406EF3A67BC90B708C3 /* Resources */ = {
			isa = PBXResourcesBuildPhase;
			buildActionMask = 2147483647;
			files = (
			);
			runOnlyForDeploymentPostprocessing = 0;
		};
		79A144E11A5228F5D7BF7120 /* Resources */ = {
			isa = PBXResourcesBuildPhase;
			buildActionMask = 2147483647;
			files = (
				1E62E497B875255299CC32DD /* Assets.xcassets in Resources */,
			);
			runOnlyForDeploymentPostprocessing = 0;
		};
		B45F36B8D1607FF0EBC85571 /* Resources */ = {
			isa = PBXResourcesBuildPhase;
			buildActionMask = 2147483647;
			files = (
			);
			runOnlyForDeploymentPostprocessing = 0;
		};
/* End PBXResourcesBuildPhase section */

/* Begin PBXSourcesBuildPhase section */
		15BE9C0502CB000B3A3076F2 /* Sources */ = {
			isa = PBXSourcesBuildPhase;
			buildActionMask = 2147483647;
			files = (
				C9D1B3AE53CF575BE18CFE0F /* ActionHintEngineTests.swift in Sources */,
				762C75DF01311A143E0F9DDA /* HUDLayoutResolverTests.swift in Sources */,
				2DE4FA630CDC26B975A21036 /* HUDPreferencesStoreTests.swift in Sources */,
				07A90F2E492B056A84EB571A /* KeyboardShortcutTests.swift in Sources */,
				1304AA50EB7D8886A5E49F74 /* LaunchAtLoginControllerTests.swift in Sources */,
				327DB5E5C0252F7D77E747B6 /* ProcessUsageRankerTests.swift in Sources */,
				4A6F4905E7BB77EECB67326D /* SnapshotHistoryStoreTests.swift in Sources */,
			);
			runOnlyForDeploymentPostprocessing = 0;
		};
		4312B4C1CB805966C159C51B /* Sources */ = {
			isa = PBXSourcesBuildPhase;
			buildActionMask = 2147483647;
			files = (
				56FEA3DDB9ED12A5BBEEF246 /* AppCoordinator.swift in Sources */,
				44A1A2233D6FE99A0F631E50 /* AppDelegate.swift in Sources */,
				24E2AFCC6278C2A02440D6F8 /* GlobalHotKeyManager.swift in Sources */,
				936BE5A534408593EB3924E8 /* SettingsOpenAction.swift in Sources */,
				38965F27EEA47D619CF5B089 /* ShortcutPreferencesStore.swift in Sources */,
				2C7AA11A3480C772B8F456EF /* ShortcutSettingsWindowController.swift in Sources */,
				C56298B955CC409AC2E2416D /* gtopApp.swift in Sources */,
				B3D95AFC355E092919D7E148 /* HUDPanelController.swift in Sources */,
				C576C8F6565878FB8EC74553 /* HUDView.swift in Sources */,
				6A6D44C53C26DF799A91A06A /* MenuBarController.swift in Sources */,
			);
			runOnlyForDeploymentPostprocessing = 0;
		};
		846DAA00A10BDA73D0CEB3B6 /* Sources */ = {
			isa = PBXSourcesBuildPhase;
			buildActionMask = 2147483647;
			files = (
				300D6DD76C9766DC32AF409E /* ActionHintEngine.swift in Sources */,
				AD697B093A84270B26B5BBA6 /* ProcessInsightsMonitor.swift in Sources */,
				530CC1502122199DA64D1CA1 /* SystemMonitorService.swift in Sources */,
				4B65D7102263F1E1C7439086 /* SystemMonitors.swift in Sources */,
				3EDB25787DCE94DE2CE9238A /* ActionHint.swift in Sources */,
				C7A30D26932DD17489A128F9 /* Formatters.swift in Sources */,
				DBC470D268FBF3620F7065DE /* HUDLayoutResolver.swift in Sources */,
				6FE3F79B08DE88EB10B149BD /* HUDPreferences.swift in Sources */,
				86514299B7F74C630ECE2B79 /* KeyboardShortcut.swift in Sources */,
				B53B463AC8AECD08C6EA433A /* LaunchAtLoginController.swift in Sources */,
				8B040F6FA3953E27825DDA64 /* ProcessUsage.swift in Sources */,
				BE06AF94A34D142F11D38304 /* SnapshotHistoryStore.swift in Sources */,
				3F01C9021FD7EFB17604F42B /* SystemSnapshot.swift in Sources */,
			);
			runOnlyForDeploymentPostprocessing = 0;
		};
/* End PBXSourcesBuildPhase section */

/* Begin PBXTargetDependency section */
		4100C173E8CD0695BDB9A710 /* PBXTargetDependency */ = {
			isa = PBXTargetDependency;
			name = gtopCore;
			target = 72C1B35C6F9AA5FD7CFACE38 /* gtopCore */;
			targetProxy = D52F2216A5FEE1F5FD4A98B6 /* PBXContainerItemProxy */;
		};
		AEA415935ED0F3AA8652AFB5 /* PBXTargetDependency */ = {
			isa = PBXTargetDependency;
			name = gtopCore;
			target = 72C1B35C6F9AA5FD7CFACE38 /* gtopCore */;
			targetProxy = FD322A75A5DB09DC65621298 /* PBXContainerItemProxy */;
		};
		E8C968F5EDB6D698DEF5F6BA /* PBXTargetDependency */ = {
			isa = PBXTargetDependency;
			name = gtop;
			target = 5EA1A81C2C5045028428F02F /* gtop */;
			targetProxy = 1D7257D16E098D5143DAAEBA /* PBXContainerItemProxy */;
		};
/* End PBXTargetDependency section */

/* Begin XCBuildConfiguration section */
		26679643B738A2ECE1132B9D /* Release */ = {
			isa = XCBuildConfiguration;
			buildSettings = {
				ALWAYS_SEARCH_USER_PATHS = NO;
				CLANG_ANALYZER_NONNULL = YES;
				CLANG_ANALYZER_NUMBER_OBJECT_CONVERSION = YES_AGGRESSIVE;
				CLANG_CXX_LANGUAGE_STANDARD = "gnu++14";
				CLANG_CXX_LIBRARY = "libc++";
				CLANG_ENABLE_MODULES = YES;
				CLANG_ENABLE_OBJC_ARC = YES;
				CLANG_ENABLE_OBJC_WEAK = YES;
				CLANG_WARN_BLOCK_CAPTURE_AUTORELEASING = YES;
				CLANG_WARN_BOOL_CONVERSION = YES;
				CLANG_WARN_COMMA = YES;
				CLANG_WARN_CONSTANT_CONVERSION = YES;
				CLANG_WARN_DEPRECATED_OBJC_IMPLEMENTATIONS = YES;
				CLANG_WARN_DIRECT_OBJC_ISA_USAGE = YES_ERROR;
				CLANG_WARN_DOCUMENTATION_COMMENTS = YES;
				CLANG_WARN_EMPTY_BODY = YES;
				CLANG_WARN_ENUM_CONVERSION = YES;
				CLANG_WARN_INFINITE_RECURSION = YES;
				CLANG_WARN_INT_CONVERSION = YES;
				CLANG_WARN_NON_LITERAL_NULL_CONVERSION = YES;
				CLANG_WARN_OBJC_IMPLICIT_RETAIN_SELF = YES;
				CLANG_WARN_OBJC_LITERAL_CONVERSION = YES;
				CLANG_WARN_OBJC_ROOT_CLASS = YES_ERROR;
				CLANG_WARN_QUOTED_INCLUDE_IN_FRAMEWORK_HEADER = YES;
				CLANG_WARN_RANGE_LOOP_ANALYSIS = YES;
				CLANG_WARN_STRICT_PROTOTYPES = YES;
				CLANG_WARN_SUSPICIOUS_MOVE = YES;
				CLANG_WARN_UNGUARDED_AVAILABILITY = YES_AGGRESSIVE;
				CLANG_WARN_UNREACHABLE_CODE = YES;
				CLANG_WARN__DUPLICATE_METHOD_MATCH = YES;
				COPY_PHASE_STRIP = NO;
				DEBUG_INFORMATION_FORMAT = "dwarf-with-dsym";
				ENABLE_NS_ASSERTIONS = NO;
				ENABLE_STRICT_OBJC_MSGSEND = YES;
				GCC_C_LANGUAGE_STANDARD = gnu11;
				GCC_NO_COMMON_BLOCKS = YES;
				GCC_WARN_64_TO_32_BIT_CONVERSION = YES;
				GCC_WARN_ABOUT_RETURN_TYPE = YES_ERROR;
				GCC_WARN_UNDECLARED_SELECTOR = YES;
				GCC_WARN_UNINITIALIZED_AUTOS = YES_AGGRESSIVE;
				GCC_WARN_UNUSED_FUNCTION = YES;
				GCC_WARN_UNUSED_VARIABLE = YES;
				MTL_ENABLE_DEBUG_INFO = NO;
				MTL_FAST_MATH = YES;
				PRODUCT_NAME = "$(TARGET_NAME)";
				SWIFT_COMPILATION_MODE = wholemodule;
				SWIFT_OPTIMIZATION_LEVEL = "-O";
				SWIFT_VERSION = 5.0;
			};
			name = Release;
		};
		356B65BC54516E19AEDBFDF9 /* Debug */ = {
			isa = XCBuildConfiguration;
			buildSettings = {
				ALWAYS_SEARCH_USER_PATHS = NO;
				CLANG_ANALYZER_NONNULL = YES;
				CLANG_ANALYZER_NUMBER_OBJECT_CONVERSION = YES_AGGRESSIVE;
				CLANG_CXX_LANGUAGE_STANDARD = "gnu++14";
				CLANG_CXX_LIBRARY = "libc++";
				CLANG_ENABLE_MODULES = YES;
				CLANG_ENABLE_OBJC_ARC = YES;
				CLANG_ENABLE_OBJC_WEAK = YES;
				CLANG_WARN_BLOCK_CAPTURE_AUTORELEASING = YES;
				CLANG_WARN_BOOL_CONVERSION = YES;
				CLANG_WARN_COMMA = YES;
				CLANG_WARN_CONSTANT_CONVERSION = YES;
				CLANG_WARN_DEPRECATED_OBJC_IMPLEMENTATIONS = YES;
				CLANG_WARN_DIRECT_OBJC_ISA_USAGE = YES_ERROR;
				CLANG_WARN_DOCUMENTATION_COMMENTS = YES;
				CLANG_WARN_EMPTY_BODY = YES;
				CLANG_WARN_ENUM_CONVERSION = YES;
				CLANG_WARN_INFINITE_RECURSION = YES;
				CLANG_WARN_INT_CONVERSION = YES;
				CLANG_WARN_NON_LITERAL_NULL_CONVERSION = YES;
				CLANG_WARN_OBJC_IMPLICIT_RETAIN_SELF = YES;
				CLANG_WARN_OBJC_LITERAL_CONVERSION = YES;
				CLANG_WARN_OBJC_ROOT_CLASS = YES_ERROR;
				CLANG_WARN_QUOTED_INCLUDE_IN_FRAMEWORK_HEADER = YES;
				CLANG_WARN_RANGE_LOOP_ANALYSIS = YES;
				CLANG_WARN_STRICT_PROTOTYPES = YES;
				CLANG_WARN_SUSPICIOUS_MOVE = YES;
				CLANG_WARN_UNGUARDED_AVAILABILITY = YES_AGGRESSIVE;
				CLANG_WARN_UNREACHABLE_CODE = YES;
				CLANG_WARN__DUPLICATE_METHOD_MATCH = YES;
				COPY_PHASE_STRIP = NO;
				DEBUG_INFORMATION_FORMAT = dwarf;
				ENABLE_STRICT_OBJC_MSGSEND = YES;
				ENABLE_TESTABILITY = YES;
				GCC_C_LANGUAGE_STANDARD = gnu11;
				GCC_DYNAMIC_NO_PIC = NO;
				GCC_NO_COMMON_BLOCKS = YES;
				GCC_OPTIMIZATION_LEVEL = 0;
				GCC_PREPROCESSOR_DEFINITIONS = (
					"DEBUG=1",
					"$(inherited)",
				);
				GCC_WARN_64_TO_32_BIT_CONVERSION = YES;
				GCC_WARN_ABOUT_RETURN_TYPE = YES_ERROR;
				GCC_WARN_UNDECLARED_SELECTOR = YES;
				GCC_WARN_UNINITIALIZED_AUTOS = YES_AGGRESSIVE;
				GCC_WARN_UNUSED_FUNCTION = YES;
				GCC_WARN_UNUSED_VARIABLE = YES;
				MTL_ENABLE_DEBUG_INFO = INCLUDE_SOURCE;
				MTL_FAST_MATH = YES;
				ONLY_ACTIVE_ARCH = YES;
				PRODUCT_NAME = "$(TARGET_NAME)";
				SWIFT_ACTIVE_COMPILATION_CONDITIONS = DEBUG;
				SWIFT_OPTIMIZATION_LEVEL = "-Onone";
				SWIFT_VERSION = 5.0;
			};
			name = Debug;
		};
		9069142B643A8696B138193F /* Release */ = {
			isa = XCBuildConfiguration;
			buildSettings = {
				ASSETCATALOG_COMPILER_APPICON_NAME = AppIcon;
				ASSETCATALOG_COMPILER_GLOBAL_ACCENT_COLOR_NAME = AccentColor;
				CLANG_ENABLE_MODULES = YES;
				CODE_SIGNING_ALLOWED = NO;
				CODE_SIGNING_REQUIRED = NO;
				CODE_SIGN_IDENTITY = "";
				COMBINE_HIDPI_IMAGES = YES;
				CURRENT_PROJECT_VERSION = 1;
				DEFINES_MODULE = YES;
				ENABLE_PREVIEWS = YES;
				GENERATE_INFOPLIST_FILE = YES;
				INFOPLIST_KEY_LSUIElement = YES;
				LD_RUNPATH_SEARCH_PATHS = "$(inherited) @executable_path/../Frameworks";
				MACOSX_DEPLOYMENT_TARGET = 14.0;
				MARKETING_VERSION = 1.0.0;
				PRODUCT_BUNDLE_IDENTIFIER = org.parkjw.gtop;
				PRODUCT_NAME = gtop;
				SDKROOT = macosx;
				SWIFT_EMIT_LOC_STRINGS = NO;
				SWIFT_VERSION = 6.0;
			};
			name = Release;
		};
		C3FD10EBA42B1C99520FD711 /* Release */ = {
			isa = XCBuildConfiguration;
			buildSettings = {
				CLANG_ENABLE_MODULES = YES;
				CODE_SIGNING_ALLOWED = NO;
				CODE_SIGNING_REQUIRED = NO;
				CODE_SIGN_IDENTITY = "";
				COMBINE_HIDPI_IMAGES = YES;
				CURRENT_PROJECT_VERSION = 1;
				DEFINES_MODULE = YES;
				DYLIB_COMPATIBILITY_VERSION = 1;
				DYLIB_CURRENT_VERSION = 1;
				DYLIB_INSTALL_NAME_BASE = "@rpath";
				GENERATE_INFOPLIST_FILE = YES;
				INSTALL_PATH = "$(LOCAL_LIBRARY_DIR)/Frameworks";
				LD_RUNPATH_SEARCH_PATHS = "$(inherited) @executable_path/../Frameworks @loader_path/Frameworks";
				MACOSX_DEPLOYMENT_TARGET = 14.0;
				MARKETING_VERSION = 1.0.0;
				PRODUCT_BUNDLE_IDENTIFIER = org.parkjw.gtop.core;
				PRODUCT_NAME = "$(TARGET_NAME:c99extidentifier)";
				SDKROOT = macosx;
				SKIP_INSTALL = YES;
				SWIFT_VERSION = 6.0;
				VERSIONING_SYSTEM = "apple-generic";
				VERSION_INFO_PREFIX = "";
			};
			name = Release;
		};
		E6EA4AC7CF7372F919D6D2DE /* Debug */ = {
			isa = XCBuildConfiguration;
			buildSettings = {
				ASSETCATALOG_COMPILER_APPICON_NAME = AppIcon;
				ASSETCATALOG_COMPILER_GLOBAL_ACCENT_COLOR_NAME = AccentColor;
				CLANG_ENABLE_MODULES = YES;
				CODE_SIGNING_ALLOWED = NO;
				CODE_SIGNING_REQUIRED = NO;
				CODE_SIGN_IDENTITY = "";
				COMBINE_HIDPI_IMAGES = YES;
				CURRENT_PROJECT_VERSION = 1;
				DEFINES_MODULE = YES;
				ENABLE_PREVIEWS = YES;
				GENERATE_INFOPLIST_FILE = YES;
				INFOPLIST_KEY_LSUIElement = YES;
				LD_RUNPATH_SEARCH_PATHS = "$(inherited) @executable_path/../Frameworks";
				MACOSX_DEPLOYMENT_TARGET = 14.0;
				MARKETING_VERSION = 1.0.0;
				PRODUCT_BUNDLE_IDENTIFIER = org.parkjw.gtop;
				PRODUCT_NAME = gtop;
				SDKROOT = macosx;
				SWIFT_EMIT_LOC_STRINGS = NO;
				SWIFT_VERSION = 6.0;
			};
			name = Debug;
		};
		EC9182299FF19D5E095AE1FA /* Debug */ = {
			isa = XCBuildConfiguration;
			buildSettings = {
				CLANG_ENABLE_MODULES = YES;
				CODE_SIGNING_ALLOWED = NO;
				CODE_SIGNING_REQUIRED = NO;
				CODE_SIGN_IDENTITY = "";
				COMBINE_HIDPI_IMAGES = YES;
				CURRENT_PROJECT_VERSION = 1;
				DEFINES_MODULE = YES;
				DYLIB_COMPATIBILITY_VERSION = 1;
				DYLIB_CURRENT_VERSION = 1;
				DYLIB_INSTALL_NAME_BASE = "@rpath";
				GENERATE_INFOPLIST_FILE = YES;
				INSTALL_PATH = "$(LOCAL_LIBRARY_DIR)/Frameworks";
				LD_RUNPATH_SEARCH_PATHS = "$(inherited) @executable_path/../Frameworks @loader_path/Frameworks";
				MACOSX_DEPLOYMENT_TARGET = 14.0;
				MARKETING_VERSION = 1.0.0;
				PRODUCT_BUNDLE_IDENTIFIER = org.parkjw.gtop.core;
				PRODUCT_NAME = "$(TARGET_NAME:c99extidentifier)";
				SDKROOT = macosx;
				SKIP_INSTALL = YES;
				SWIFT_VERSION = 6.0;
				VERSIONING_SYSTEM = "apple-generic";
				VERSION_INFO_PREFIX = "";
			};
			name = Debug;
		};
		F4E190954EA6CDDA3D421392 /* Debug */ = {
			isa = XCBuildConfiguration;
			buildSettings = {
				CLANG_ENABLE_MODULES = YES;
				CODE_SIGNING_ALLOWED = NO;
				CODE_SIGNING_REQUIRED = NO;
				CODE_SIGN_IDENTITY = "";
				CURRENT_PROJECT_VERSION = 1;
				DEFINES_MODULE = YES;
				GENERATE_INFOPLIST_FILE = YES;
				MACOSX_DEPLOYMENT_TARGET = 14.0;
				MARKETING_VERSION = 1.0.0;
				PRODUCT_BUNDLE_IDENTIFIER = org.parkjw.gtop.tests;
				PRODUCT_NAME = gtopTests;
				SDKROOT = macosx;
				SWIFT_VERSION = 6.0;
			};
			name = Debug;
		};
		F674B95207F1A7D803B870B2 /* Release */ = {
			isa = XCBuildConfiguration;
			buildSettings = {
				CLANG_ENABLE_MODULES = YES;
				CODE_SIGNING_ALLOWED = NO;
				CODE_SIGNING_REQUIRED = NO;
				CODE_SIGN_IDENTITY = "";
				CURRENT_PROJECT_VERSION = 1;
				DEFINES_MODULE = YES;
				GENERATE_INFOPLIST_FILE = YES;
				MACOSX_DEPLOYMENT_TARGET = 14.0;
				MARKETING_VERSION = 1.0.0;
				PRODUCT_BUNDLE_IDENTIFIER = org.parkjw.gtop.tests;
				PRODUCT_NAME = gtopTests;
				SDKROOT = macosx;
				SWIFT_VERSION = 6.0;
			};
			name = Release;
		};
/* End XCBuildConfiguration section */

/* Begin XCConfigurationList section */
		12DC2662AD3BADDB29B306A9 /* Build configuration list for PBXNativeTarget "gtopCore" */ = {
			isa = XCConfigurationList;
			buildConfigurations = (
				C3FD10EBA42B1C99520FD711 /* Release */,
				EC9182299FF19D5E095AE1FA /* Debug */,
			);
			defaultConfigurationIsVisible = 0;
			defaultConfigurationName = Release;
		};
		26B991F80407997A93D2BD35 /* Build configuration list for PBXNativeTarget "gtop" */ = {
			isa = XCConfigurationList;
			buildConfigurations = (
				9069142B643A8696B138193F /* Release */,
				E6EA4AC7CF7372F919D6D2DE /* Debug */,
			);
			defaultConfigurationIsVisible = 0;
			defaultConfigurationName = Release;
		};
		616E1A47670D45E56056025E /* Build configuration list for PBXNativeTarget "gtopTests" */ = {
			isa = XCConfigurationList;
			buildConfigurations = (
				F674B95207F1A7D803B870B2 /* Release */,
				F4E190954EA6CDDA3D421392 /* Debug */,
			);
			defaultConfigurationIsVisible = 0;
			defaultConfigurationName = Release;
		};
		F1D3934A217A1484F8FDCB0F /* Build configuration list for PBXProject "gtop" */ = {
			isa = XCConfigurationList;
			buildConfigurations = (
				356B65BC54516E19AEDBFDF9 /* Debug */,
				26679643B738A2ECE1132B9D /* Release */,
			);
			defaultConfigurationIsVisible = 0;
			defaultConfigurationName = Release;
		};
/* End XCConfigurationList section */
	};
	rootObject = E6D1EDA282BEF75EDFAFE9AA /* Project object */;
}
